// !$*UTF8*$!
{
	archiveVersion = 1;
	classes = {
	};
	objectVersion = 46;
	objects = {

/* Begin PBXBuildFile section */
		22B9A0541C83B21A00566350 /* AppDelegate.swift in Sources */ = {isa = PBXBuildFile; fileRef = 22B9A0531C83B21A00566350 /* AppDelegate.swift */; };
		22B9A0561C83B21A00566350 /* ViewController.swift in Sources */ = {isa = PBXBuildFile; fileRef = 22B9A0551C83B21A00566350 /* ViewController.swift */; };
		22B9A0591C83B21A00566350 /* Main.storyboard in Resources */ = {isa = PBXBuildFile; fileRef = 22B9A0571C83B21A00566350 /* Main.storyboard */; };
		22B9A05B1C83B21A00566350 /* Assets.xcassets in Resources */ = {isa = PBXBuildFile; fileRef = 22B9A05A1C83B21A00566350 /* Assets.xcassets */; };
		22B9A05E1C83B21A00566350 /* LaunchScreen.storyboard in Resources */ = {isa = PBXBuildFile; fileRef = 22B9A05C1C83B21A00566350 /* LaunchScreen.storyboard */; };
		22B9A0661C83B44400566350 /* image.png in Resources */ = {isa = PBXBuildFile; fileRef = 22B9A0651C83B44400566350 /* image.png */; };
		22B9A0681C83B8A100566350 /* CustomCell.xib in Resources */ = {isa = PBXBuildFile; fileRef = 22B9A0671C83B8A100566350 /* CustomCell.xib */; };
		22B9A06A1C83B8CF00566350 /* CustomCell.swift in Sources */ = {isa = PBXBuildFile; fileRef = 22B9A0691C83B8CF00566350 /* CustomCell.swift */; };
		22B9A06E1C83BBBB00566350 /* image1.png in Resources */ = {isa = PBXBuildFile; fileRef = 22B9A06B1C83BBBB00566350 /* image1.png */; };
		22B9A0701C83BBBB00566350 /* image2.png in Resources */ = {isa = PBXBuildFile; fileRef = 22B9A06D1C83BBBB00566350 /* image2.png */; };
/* End PBXBuildFile section */

/* Begin PBXFileReference section */
		22B9A0501C83B21A00566350 /* ImageViewAspectRatioSample.app */ = {isa = PBXFileReference; explicitFileType = wrapper.application; includeInIndex = 0; path = ImageViewAspectRatioSample.app; sourceTree = BUILT_PRODUCTS_DIR; };
		22B9A0531C83B21A00566350 /* AppDelegate.swift */ = {isa = PBXFileReference; lastKnownFileType = sourcecode.swift; path = AppDelegate.swift; sourceTree = "<group>"; };
		22B9A0551C83B21A00566350 /* ViewController.swift */ = {isa = PBXFileReference; lastKnownFileType = sourcecode.swift; path = ViewController.swift; sourceTree = "<group>"; };
		22B9A0581C83B21A00566350 /* Base */ = {isa = PBXFileReference; lastKnownFileType = file.storyboard; name = Base; path = Base.lproj/Main.storyboard; sourceTree = "<group>"; };
		22B9A05A1C83B21A00566350 /* Assets.xcassets */ = {isa = PBXFileReference; lastKnownFileType = folder.assetcatalog; path = Assets.xcassets; sourceTree = "<group>"; };
		22B9A05D1C83B21A00566350 /* Base */ = {isa = PBXFileReference; lastKnownFileType = file.storyboard; name = Base; path = Base.lproj/LaunchScreen.storyboard; sourceTree = "<group>"; };
		22B9A05F1C83B21A00566350 /* Info.plist */ = {isa = PBXFileReference; lastKnownFileType = text.plist.xml; path = Info.plist; sourceTree = "<group>"; };
		22B9A0651C83B44400566350 /* image.png */ = {isa = PBXFileReference; lastKnownFileType = image.png; path = image.png; sourceTree = "<group>"; };
		22B9A0671C83B8A100566350 /* CustomCell.xib */ = {isa = PBXFileReference; fileEncoding = 4; lastKnownFileType = file.xib; path = CustomCell.xib; sourceTree = "<group>"; };
		22B9A0691C83B8CF00566350 /* CustomCell.swift */ = {isa = PBXFileReference; fileEncoding = 4; lastKnownFileType = sourcecode.swift; path = CustomCell.swift; sourceTree = "<group>"; };
		22B9A06B1C83BBBB00566350 /* image1.png */ = {isa = PBXFileReference; lastKnownFileType = image.png; path = image1.png; sourceTree = "<group>"; };
		22B9A06D1C83BBBB00566350 /* image2.png */ = {isa = PBXFileReference; lastKnownFileType = image.png; path = image2.png; sourceTree = "<group>"; };
/* End PBXFileReference section */

/* Begin PBXFrameworksBuildPhase section */
		22B9A04D1C83B21A00566350 /* Frameworks */ = {
			isa = PBXFrameworksBuildPhase;
			buildActionMask = 2147483647;
			files = (
			);
			runOnlyForDeploymentPostprocessing = 0;
		};
/* End PBXFrameworksBuildPhase section */

/* Begin PBXGroup section */
		22B9A0471C83B21A00566350 = {
			isa = PBXGroup;
			children = (
				22B9A0521C83B21A00566350 /* ImageViewAspectRatioSample */,
				22B9A0511C83B21A00566350 /* Products */,
			);
			sourceTree = "<group>";
		};
		22B9A0511C83B21A00566350 /* Products */ = {
			isa = PBXGroup;
			children = (
				22B9A0501C83B21A00566350 /* ImageViewAspectRatioSample.app */,
			);
			name = Products;
			sourceTree = "<group>";
		};
		22B9A0521C83B21A00566350 /* ImageViewAspectRatioSample */ = {
			isa = PBXGroup;
			children = (
				22B9A0651C83B44400566350 /* image.png */,
				22B9A0531C83B21A00566350 /* AppDelegate.swift */,
				22B9A0551C83B21A00566350 /* ViewController.swift */,
				22B9A0571C83B21A00566350 /* Main.storyboard */,
				22B9A05A1C83B21A00566350 /* Assets.xcassets */,
				22B9A05C1C83B21A00566350 /* LaunchScreen.storyboard */,
				22B9A05F1C83B21A00566350 /* Info.plist */,
				22B9A0691C83B8CF00566350 /* CustomCell.swift */,
				22B9A0671C83B8A100566350 /* CustomCell.xib */,
				22B9A06B1C83BBBB00566350 /* image1.png */,
				22B9A06D1C83BBBB00566350 /* image2.png */,
			);
			path = ImageViewAspectRatioSample;
			sourceTree = "<group>";
		};
/* End PBXGroup section */

/* Begin PBXNativeTarget section */
		22B9A04F1C83B21A00566350 /* ImageViewAspectRatioSample */ = {
			isa = PBXNativeTarget;
			buildConfigurationList = 22B9A0621C83B21A00566350 /* Build configuration list for PBXNativeTarget "ImageViewAspectRatioSample" */;
			buildPhases = (
				22B9A04C1C83B21A00566350 /* Sources */,
				22B9A04D1C83B21A00566350 /* Frameworks */,
				22B9A04E1C83B21A00566350 /* Resources */,
			);
			buildRules = (
			);
			dependencies = (
			);
			name = ImageViewAspectRatioSample;
			productName = ImageViewAspectRatioSample;
			productReference = 22B9A0501C83B21A00566350 /* ImageViewAspectRatioSample.app */;
			productType = "com.apple.product-type.application";
		};
/* End PBXNativeTarget section */

/* Begin PBXProject section */
		22B9A0481C83B21A00566350 /* Project object */ = {
			isa = PBXProject;
			attributes = {
				LastSwiftUpdateCheck = 0720;
				LastUpgradeCheck = 0720;
				ORGANIZATIONNAME = CrossBridge;
				TargetAttributes = {
					22B9A04F1C83B21A00566350 = {
						CreatedOnToolsVersion = 7.2.1;
						LastSwiftMigration = 0810;
					};
				};
			};
			buildConfigurationList = 22B9A04B1C83B21A00566350 /* Build configuration list for PBXProject "ImageViewAspectRatioSample" */;
			compatibilityVersion = "Xcode 3.2";
			developmentRegion = English;
			hasScannedForEncodings = 0;
			knownRegions = (
				en,
				Base,
			);
			mainGroup = 22B9A0471C83B21A00566350;
			productRefGroup = 22B9A0511C83B21A00566350 /* Products */;
			projectDirPath = "";
			projectRoot = "";
			targets = (
				22B9A04F1C83B21A00566350 /* ImageViewAspectRatioSample */,
			);
		};
/* End PBXProject section */

/* Begin PBXResourcesBuildPhase section */
		22B9A04E1C83B21A00566350 /* Resources */ = {
			isa = PBXResourcesBuildPhase;
			buildActionMask = 2147483647;
			files = (
				22B9A0681C83B8A100566350 /* CustomCell.xib in Resources */,
				22B9A05E1C83B21A00566350 /* LaunchScreen.storyboard in Resources */,
				22B9A05B1C83B21A00566350 /* Assets.xcassets in Resources */,
				22B9A0701C83BBBB00566350 /* image2.png in Resources */,
				22B9A06E1C83BBBB00566350 /* image1.png in Resources */,
				22B9A0591C83B21A00566350 /* Main.storyboard in Resources */,
				22B9A0661C83B44400566350 /* image.png in Resources */,
			);
			runOnlyForDeploymentPostprocessing = 0;
		};
/* End PBXResourcesBuildPhase section */

/* Begin PBXSourcesBuildPhase section */
		22B9A04C1C83B21A00566350 /* Sources */ = {
			isa = PBXSourcesBuildPhase;
			buildActionMask = 2147483647;
			files = (
				22B9A0561C83B21A00566350 /* ViewController.swift in Sources */,
				22B9A06A1C83B8CF00566350 /* CustomCell.swift in Sources */,
				22B9A0541C83B21A00566350 /* AppDelegate.swift in Sources */,
			);
			runOnlyForDeploymentPostprocessing = 0;
		};
/* End PBXSourcesBuildPhase section */

/* Begin PBXVariantGroup section */
		22B9A0571C83B21A00566350 /* Main.storyboard */ = {
			isa = PBXVariantGroup;
			children = (
				22B9A0581C83B21A00566350 /* Base */,
			);
			name = Main.storyboard;
			sourceTree = "<group>";
		};
		22B9A05C1C83B21A00566350 /* LaunchScreen.storyboard */ = {
			isa = PBXVariantGroup;
			children = (
				22B9A05D1C83B21A00566350 /* Base */,
			);
			name = LaunchScreen.storyboard;
			sourceTree = "<group>";
		};
/* End PBXVariantGroup section */

/* Begin XCBuildConfiguration section */
		22B9A0601C83B21A00566350 /* Debug */ = {
			isa = XCBuildConfiguration;
			buildSettings = {
				ALWAYS_SEARCH_USER_PATHS = NO;
				CLANG_CXX_LANGUAGE_STANDARD = "gnu++0x";
				CLANG_CXX_LIBRARY = "libc++";
				CLANG_ENABLE_MODULES = YES;
				CLANG_ENABLE_OBJC_ARC = YES;
				CLANG_WARN_BOOL_CONVERSION = YES;
				CLANG_WARN_CONSTANT_CONVERSION = YES;
				CLANG_WARN_DIRECT_OBJC_ISA_USAGE = YES_ERROR;
				CLANG_WARN_EMPTY_BODY = YES;
				CLANG_WARN_ENUM_CONVERSION = YES;
				CLANG_WARN_INT_CONVERSION = YES;
				CLANG_WARN_OBJC_ROOT_CLASS = YES_ERROR;
				CLANG_WARN_UNREACHABLE_CODE = YES;
				CLANG_WARN__DUPLICATE_METHOD_MATCH = YES;
				"CODE_SIGN_IDENTITY[sdk=iphoneos*]" = "iPhone Developer";
				COPY_PHASE_STRIP = NO;
				DEBUG_INFORMATION_FORMAT = dwarf;
				ENABLE_STRICT_OBJC_MSGSEND = YES;
				ENABLE_TESTABILITY = YES;
				GCC_C_LANGUAGE_STANDARD = gnu99;
				GCC_DYNAMIC_NO_PIC = NO;
				GCC_NO_COMMON_BLOCKS = YES;
				GCC_OPTIMIZATION_LEVEL = 0;
				GCC_PREPROCESSOR_DEFINITIONS = (
					"DEBUG=1",
					"$(inherited)",
				);
				GCC_WARN_64_TO_32_BIT_CONVERSION = YES;
				GCC_WARN_ABOUT_RETURN_TYPE = YES_ERROR;
				GCC_WARN_UNDECLARED_SELECTOR = YES;
				GCC_WARN_UNINITIALIZED_AUTOS = YES_AGGRESSIVE;
				GCC_WARN_UNUSED_FUNCTION = YES;
				GCC_WARN_UNUSED_VARIABLE = YES;
				IPHONEOS_DEPLOYMENT_TARGET = 9.2;
				MTL_ENABLE_DEBUG_INFO = YES;
				ONLY_ACTIVE_ARCH = YES;
				SDKROOT = iphoneos;
				SWIFT_OPTIMIZATION_LEVEL = "-Onone";
			};
			name = Debug;
		};
		22B9A0611C83B21A00566350 /* Release */ = {
			isa = XCBuildConfiguration;
			buildSettings = {
				ALWAYS_SEARCH_USER_PATHS = NO;
				CLANG_CXX_LANGUAGE_STANDARD = "gnu++0x";
				CLANG_CXX_LIBRARY = "libc++";
				CLANG_ENABLE_MODULES = YES;
				CLANG_ENABLE_OBJC_ARC = YES;
				CLANG_WARN_BOOL_CONVERSION = YES;
				CLANG_WARN_CONSTANT_CONVERSION = YES;
				CLANG_WARN_DIRECT_OBJC_ISA_USAGE = YES_ERROR;
				CLANG_WARN_EMPTY_BODY = YES;
				CLANG_WARN_ENUM_CONVERSION = YES;
				CLANG_WARN_INT_CONVERSION = YES;
				CLANG_WARN_OBJC_ROOT_CLASS = YES_ERROR;
				CLANG_WARN_UNREACHABLE_CODE = YES;
				CLANG_WARN__DUPLICATE_METHOD_MATCH = YES;
				"CODE_SIGN_IDENTITY[sdk=iphoneos*]" = "iPhone Developer";
				COPY_PHASE_STRIP = NO;
				DEBUG_INFORMATION_FORMAT = "dwarf-with-dsym";
				ENABLE_NS_ASSERTIONS = NO;
				ENABLE_STRICT_OBJC_MSGSEND = YES;
				GCC_C_LANGUAGE_STANDARD = gnu99;
				GCC_NO_COMMON_BLOCKS = YES;
				GCC_WARN_64_TO_32_BIT_CONVERSION = YES;
				GCC_WARN_ABOUT_RETURN_TYPE = YES_ERROR;
				GCC_WARN_UNDECLARED_SELECTOR = YES;
				GCC_WARN_UNINITIALIZED_AUTOS = YES_AGGRESSIVE;
				GCC_WARN_UNUSED_FUNCTION = YES;
				GCC_WARN_UNUSED_VARIABLE = YES;
				IPHONEOS_DEPLOYMENT_TARGET = 9.2;
				MTL_ENABLE_DEBUG_INFO = NO;
				SDKROOT = iphoneos;
				VALIDATE_PRODUCT = YES;
			};
			name = Release;
		};
		22B9A0631C83B21A00566350 /* Debug */ = {
			isa = XCBuildConfiguration;
			buildSettings = {
				ASSETCATALOG_COMPILER_APPICON_NAME = AppIcon;
				INFOPLIST_FILE = ImageViewAspectRatioSample/Info.plist;
				IPHONEOS_DEPLOYMENT_TARGET = 9.0;
				LD_RUNPATH_SEARCH_PATHS = "$(inherited) @executable_path/Frameworks";
				PRODUCT_BUNDLE_IDENTIFIER = biz.crossbridge.ImageViewAspectRatioSample;
				PRODUCT_NAME = "$(TARGET_NAME)";
				SWIFT_VERSION = 3.0;
			};
			name = Debug;
		};
		22B9A0641C83B21A00566350 /* Release */ = {
			isa = XCBuildConfiguration;
			buildSettings = {
				ASSETCATALOG_COMPILER_APPICON_NAME = AppIcon;
				INFOPLIST_FILE = ImageViewAspectRatioSample/Info.plist;
				IPHONEOS_DEPLOYMENT_TARGET = 9.0;
				LD_RUNPATH_SEARCH_PATHS = "$(inherited) @executable_path/Frameworks";
				PRODUCT_BUNDLE_IDENTIFIER = biz.crossbridge.ImageViewAspectRatioSample;
				PRODUCT_NAME = "$(TARGET_NAME)";
				SWIFT_VERSION = 3.0;
			};
			name = Release;
		};
/* End XCBuildConfiguration section */

/* Begin XCConfigurationList section */
		22B9A04B1C83B21A00566350 /* Build configuration list for PBXProject "ImageViewAspectRatioSample" */ = {
			isa = XCConfigurationList;
			buildConfigurations = (
				22B9A0601C83B21A00566350 /* Debug */,
				22B9A0611C83B21A00566350 /* Release */,
			);
			defaultConfigurationIsVisible = 0;
			defaultConfigurationName = Release;
		};
		22B9A0621C83B21A00566350 /* Build configuration list for PBXNativeTarget "ImageViewAspectRatioSample" */ = {
			isa = XCConfigurationList;
			buildConfigurations = (
				22B9A0631C83B21A00566350 /* Debug */,
				22B9A0641C83B21A00566350 /* Release */,
			);
			defaultConfigurationIsVisible = 0;
			defaultConfigurationName = Release;
		};
/* End XCConfigurationList section */
	};
	rootObject = 22B9A0481C83B21A00566350 /* Project object */;
}
